
Microsoft Visual Studio Solution File, Format Version 12.00
# Visual Studio Version 17
VisualStudioVersion = 17.4.33213.308
MinimumVisualStudioVersion = 10.0.40219.1
Project("{9A19103F-16F7-4668-BE54-9A1E7A4F7556}") = "GrillBackend", "GrillBackend\GrillBackend.csproj", "{E12D37DB-4EF4-4AFE-9F00-A34515469487}"
EndProject
Project("{9A19103F-16F7-4668-BE54-9A1E7A4F7556}") = "GrillFrontend", "GrillFrontend\GrillFrontend.csproj", "{D6B61D3C-EDD1-40D9-8563-1DAFA9E57F65}"
EndProject
Project("{9A19103F-16F7-4668-BE54-9A1E7A4F7556}") = "BackendTests", "BackendTests\BackendTests.csproj", "{907D937D-F0EF-4905-9C29-643F7D690604}"
EndProject
Project("{9A19103F-16F7-4668-BE54-9A1E7A4F7556}") = "TestowaAplikacja", "TestowaAplikacja\TestowaAplikacja.csproj", "{2B3E6769-5F44-4FF1-8980-0E6EACBD53E2}"
EndProject
Project("{54435603-DBB4-11D2-8724-00A0C9A8B90C}") = "GRILL", "GRILL\GRILL.vdproj", "{C671241D-EEC3-4E03-AC6B-D53FA7549BDF}"
EndProject
Global
	GlobalSection(SolutionConfigurationPlatforms) = preSolution
		Debug|Any CPU = Debug|Any CPU
		Release|Any CPU = Release|Any CPU
	EndGlobalSection
	GlobalSection(ProjectConfigurationPlatforms) = postSolution
		{E12D37DB-4EF4-4AFE-9F00-A34515469487}.Debug|Any CPU.ActiveCfg = Debug|Any CPU
		{E12D37DB-4EF4-4AFE-9F00-A34515469487}.Debug|Any CPU.Build.0 = Debug|Any CPU
		{E12D37DB-4EF4-4AFE-9F00-A34515469487}.Release|Any CPU.ActiveCfg = Release|Any CPU
		{E12D37DB-4EF4-4AFE-9F00-A34515469487}.Release|Any CPU.Build.0 = Release|Any CPU
		{D6B61D3C-EDD1-40D9-8563-1DAFA9E57F65}.Debug|Any CPU.ActiveCfg = Debug|Any CPU
		{D6B61D3C-EDD1-40D9-8563-1DAFA9E57F65}.Debug|Any CPU.Build.0 = Debug|Any CPU
		{D6B61D3C-EDD1-40D9-8563-1DAFA9E57F65}.Release|Any CPU.ActiveCfg = Release|Any CPU
		{D6B61D3C-EDD1-40D9-8563-1DAFA9E57F65}.Release|Any CPU.Build.0 = Release|Any CPU
		{907D937D-F0EF-4905-9C29-643F7D690604}.Debug|Any CPU.ActiveCfg = Debug|Any CPU
		{907D937D-F0EF-4905-9C29-643F7D690604}.Debug|Any CPU.Build.0 = Debug|Any CPU
		{907D937D-F0EF-4905-9C29-643F7D690604}.Release|Any CPU.ActiveCfg = Release|Any CPU
		{907D937D-F0EF-4905-9C29-643F7D690604}.Release|Any CPU.Build.0 = Release|Any CPU
		{2B3E6769-5F44-4FF1-8980-0E6EACBD53E2}.Debug|Any CPU.ActiveCfg = Debug|Any CPU
		{2B3E6769-5F44-4FF1-8980-0E6EACBD53E2}.Debug|Any CPU.Build.0 = Debug|Any CPU
		{2B3E6769-5F44-4FF1-8980-0E6EACBD53E2}.Release|Any CPU.ActiveCfg = Release|Any CPU
		{2B3E6769-5F44-4FF1-8980-0E6EACBD53E2}.Release|Any CPU.Build.0 = Release|Any CPU
		{C671241D-EEC3-4E03-AC6B-D53FA7549BDF}.Debug|Any CPU.ActiveCfg = Debug
		{C671241D-EEC3-4E03-AC6B-D53FA7549BDF}.Release|Any CPU.ActiveCfg = Release
	EndGlobalSection
	GlobalSection(SolutionProperties) = preSolution
		HideSolutionNode = FALSE
	EndGlobalSection
	GlobalSection(ExtensibilityGlobals) = postSolution
		SolutionGuid = {A722C664-7255-42F7-B604-030F3322971E}
	EndGlobalSection
EndGlobal
